
Microsoft Visual Studio Solution File, Format Version 12.00
# Visual Studio Version 16
VisualStudioVersion = 16.0.30717.126
MinimumVisualStudioVersion = 10.0.40219.1
Project("{9A19103F-16F7-4668-BE54-9A1E7A4F7556}") = "ECommerceMVC", "ECommerceApi\ECommerceMVC.csproj", "{782BC2C1-3E79-4EA7-8EB2-E770476B1AAF}"
EndProject
Project("{9A19103F-16F7-4668-BE54-9A1E7A4F7556}") = "ECommerceWebApi", "ECommerceWebApi\ECommerceWebApi.csproj", "{8A77FE96-095D-4693-909B-A9261D093A88}"
EndProject
Global
	GlobalSection(SolutionConfigurationPlatforms) = preSolution
		Debug|Any CPU = Debug|Any CPU
		Release|Any CPU = Release|Any CPU
	EndGlobalSection
	GlobalSection(ProjectConfigurationPlatforms) = postSolution
		{782BC2C1-3E79-4EA7-8EB2-E770476B1AAF}.Debug|Any CPU.ActiveCfg = Debug|Any CPU
		{782BC2C1-3E79-4EA7-8EB2-E770476B1AAF}.Debug|Any CPU.Build.0 = Debug|Any CPU
		{782BC2C1-3E79-4EA7-8EB2-E770476B1AAF}.Release|Any CPU.ActiveCfg = Release|Any CPU
		{782BC2C1-3E79-4EA7-8EB2-E770476B1AAF}.Release|Any CPU.Build.0 = Release|Any CPU
		{8A77FE96-095D-4693-909B-A9261D093A88}.Debug|Any CPU.ActiveCfg = Debug|Any CPU
		{8A77FE96-095D-4693-909B-A9261D093A88}.Debug|Any CPU.Build.0 = Debug|Any CPU
		{8A77FE96-095D-4693-909B-A9261D093A88}.Release|Any CPU.ActiveCfg = Release|Any CPU
		{8A77FE96-095D-4693-909B-A9261D093A88}.Release|Any CPU.Build.0 = Release|Any CPU
	EndGlobalSection
	GlobalSection(SolutionProperties) = preSolution
		HideSolutionNode = FALSE
	EndGlobalSection
	GlobalSection(ExtensibilityGlobals) = postSolution
		SolutionGuid = {3E6B575A-A942-43B8-B224-00F439D8E318}
	EndGlobalSection
EndGlobal
